{
  "version": 1,
  "dependencies": {
    ".NETStandard,Version=v2.0": {
      "Imageflow.NativeRuntime.All": {
        "type": "Direct",
        "requested": "[2.2.0-rc01, )",
        "resolved": "2.2.0-rc01",
        "contentHash": "J4iPslr1fOBnL1neX6LbI3i1nbuyuLWIOg/GKbmt/JnAh1NKk8xn1acZK+ixUSgOSeBOmKyMLmMyV9NWMx4VIg==",
        "dependencies": {
          "Imageflow.NativeRuntime.linux-arm64": "2.2.0-rc01",
          "Imageflow.NativeRuntime.linux-x64": "2.2.0-rc01",
          "Imageflow.NativeRuntime.osx-arm64": "2.2.0-rc01",
          "Imageflow.NativeRuntime.osx-x86_64": "2.2.0-rc01",
          "Imageflow.NativeRuntime.win-arm64": "2.2.0-rc01",
          "Imageflow.NativeRuntime.win-x86": "2.2.0-rc01",
          "Imageflow.NativeRuntime.win-x86_64": "2.2.0-rc01"
        }
      },
      "NETStandard.Library": {
        "type": "Direct",
        "requested": "[2.0.3, )",
        "resolved": "2.0.3",
        "contentHash": "st47PosZSHrjECdjeIzZQbzivYBJFv6P2nv4cj2ypdI204DO+vZ7l5raGMiX4eXMJ53RfOIg+/s4DHVZ54Nu2A==",
        "dependencies": {
          "Microsoft.NETCore.Platforms": "1.1.0"
        }
      },
      "Imageflow.NativeRuntime.linux-arm64": {
        "type": "Transitive",
        "resolved": "2.2.0-rc01",
        "contentHash": "uc+9ExgsKZkXJXXNNtdLTZqf4ofLG5fWQ10kuPxuWDqi08pXRZem9CxeoVsUctjCF2zPpDIv1MwhEO7z/+tm+g=="
      },
      "Imageflow.NativeRuntime.linux-x64": {
        "type": "Transitive",
        "resolved": "2.2.0-rc01",
        "contentHash": "5vFrgBkrt0r6SbvTuoY+byHbULIU8DU7QZoGGM8BpgUbOhlJ2pYEurgRVWmUDg/qlopxWhX5pugcgKPIEj4hQQ=="
      },
      "Imageflow.NativeRuntime.osx-arm64": {
        "type": "Transitive",
        "resolved": "2.2.0-rc01",
        "contentHash": "sQgwlkeoUHmqrXfXjTCtSIPduE6U8FQs77T4+BSNG2QckXnQDJuh6K0n6NKcsb13TPkSO17ZKNi83FCmuGK5XQ=="
      },
      "Imageflow.NativeRuntime.osx-x86_64": {
        "type": "Transitive",
        "resolved": "2.2.0-rc01",
        "contentHash": "LNphWr0TK33xFnCIgKrsWjYCcfxWfRDSb8xquIeeTkcORbQokkPWp5L6JmC9mH7zR55ZYKyu9z/gMmnPn+oMzw=="
      },
      "Imageflow.NativeRuntime.win-arm64": {
        "type": "Transitive",
        "resolved": "2.2.0-rc01",
        "contentHash": "j4oyBMYVY43FECUHR7vgYwiucxxyXv1/wvHGYS1Ob8cuslPtKF75ge6n/fInHnkUtapQcibEehHH+stKhUcJdA=="
      },
      "Imageflow.NativeRuntime.win-x86": {
        "type": "Transitive",
        "resolved": "2.2.0-rc01",
        "contentHash": "X3AMx6JLJpV9ou7UDpyQ1/OoRrp9bYyZP9NlPNNtajMW+BkfMAbqBNqs14s70cpwINOSvPdw3hRUxcrZ3U6ChA=="
      },
      "Imageflow.NativeRuntime.win-x86_64": {
        "type": "Transitive",
        "resolved": "2.2.0-rc01",
        "contentHash": "oPkg031tnVt5ZeovfM4SaoqB7xuYWxUd86EMHWsmSihhPuBULi+4TetbZDsw7Gqx3ZXALiCQN/yYamkBUOogcg=="
      },
      "Microsoft.Bcl.AsyncInterfaces": {
        "type": "Transitive",
        "resolved": "8.0.0",
        "contentHash": "3WA9q9yVqJp222P3x1wYIGDAkpjAku0TMUaaQV22g6L67AI0LdOIrVS7Ht2vJfLHGSPVuqN94vIr15qn+HEkHw==",
        "dependencies": {
          "System.Threading.Tasks.Extensions": "4.5.4"
        }
      },
      "Microsoft.IO.RecyclableMemoryStream": {
        "type": "Transitive",
        "resolved": "3.0.1",
        "contentHash": "s/s20YTVY9r9TPfTrN5g8zPF1YhwxyqO6PxUkrYTGI2B+OGPe9AdajWZrLhFqXIvqIW23fnUE4+ztrUWNU1+9g==",
        "dependencies": {
          "System.Memory": "4.5.5"
        }
      },
      "Microsoft.NETCore.Platforms": {
        "type": "Transitive",
        "resolved": "1.1.0",
        "contentHash": "kz0PEW2lhqygehI/d6XsPCQzD7ff7gUJaVGPVETX611eadGsA3A877GdSlU0LRVMCTH/+P3o2iDTak+S08V2+A=="
      },
      "System.Buffers": {
        "type": "Transitive",
        "resolved": "4.6.1",
        "contentHash": "N8GXpmiLMtljq7gwvyS+1QvKT/W2J8sNAvx+HVg4NGmsG/H+2k/y9QI23auLJRterrzCiDH+IWAw4V/GPwsMlw=="
      },
      "System.Memory": {
        "type": "Transitive",
        "resolved": "4.6.3",
        "contentHash": "qdcDOgnFZY40+Q9876JUHnlHu7bosOHX8XISRoH94fwk6hgaeQGSgfZd8srWRZNt5bV9ZW2TljcegDNxsf+96A==",
        "dependencies": {
          "System.Buffers": "4.6.1",
          "System.Numerics.Vectors": "4.6.1",
          "System.Runtime.CompilerServices.Unsafe": "6.1.2"
        }
      },
      "System.Numerics.Vectors": {
        "type": "Transitive",
        "resolved": "4.6.1",
        "contentHash": "sQxefTnhagrhoq2ReR0D/6K0zJcr9Hrd6kikeXsA1I8kOCboTavcUC4r7TSfpKFeE163uMuxZcyfO1mGO3EN8Q=="
      },
      "System.Runtime.CompilerServices.Unsafe": {
        "type": "Transitive",
        "resolved": "6.1.2",
        "contentHash": "2hBr6zdbIBTDE3EhK7NSVNdX58uTK6iHW/P/Axmm9sl1xoGSLqDvMtpecn226TNwHByFokYwJmt/aQQNlO5CRw=="
      },
      "System.Text.Encodings.Web": {
        "type": "Transitive",
        "resolved": "8.0.0",
        "contentHash": "yev/k9GHAEGx2Rg3/tU6MQh4HGBXJs70y7j1LaM1i/ER9po+6nnQ6RRqTJn1E7Xu0fbIFK80Nh5EoODxrbxwBQ==",
        "dependencies": {
          "System.Buffers": "4.5.1",
          "System.Memory": "4.5.5",
          "System.Runtime.CompilerServices.Unsafe": "6.0.0"
        }
      },
      "System.Text.Json": {
        "type": "Transitive",
        "resolved": "8.0.6",
        "contentHash": "BvSpVBsVN9b+Y+wONbvJOHd1HjXQf33+XiC28ZMOwRsYb42mz3Q8YHnpTSwpwJLqYCMqM+0UUVC3V+pi25XfkQ==",
        "dependencies": {
          "Microsoft.Bcl.AsyncInterfaces": "8.0.0",
          "System.Buffers": "4.5.1",
          "System.Memory": "4.5.5",
          "System.Runtime.CompilerServices.Unsafe": "6.0.0",
          "System.Text.Encodings.Web": "8.0.0",
          "System.Threading.Tasks.Extensions": "4.5.4"
        }
      },
      "System.Threading.Tasks.Extensions": {
        "type": "Transitive",
        "resolved": "4.5.4",
        "contentHash": "zteT+G8xuGu6mS+mzDzYXbzS7rd3K6Fjb9RiZlYlJPam2/hU7JCBZBVEcywNuR+oZ1ncTvc/cq0faRr3P01OVg==",
        "dependencies": {
          "System.Runtime.CompilerServices.Unsafe": "4.5.3"
        }
      },
      "imageflow.net": {
        "type": "Project",
        "dependencies": {
          "Microsoft.IO.RecyclableMemoryStream": "[3.*, 4.0.0)",
          "System.Buffers": "[4.*, )",
          "System.Memory": "[4.6.3, )",
          "System.Text.Json": "[8.0.6, )"
        }
      }
    },
    ".NETStandard,Version=v2.1": {
      "Imageflow.NativeRuntime.All": {
        "type": "Direct",
        "requested": "[2.2.0-rc01, )",
        "resolved": "2.2.0-rc01",
        "contentHash": "J4iPslr1fOBnL1neX6LbI3i1nbuyuLWIOg/GKbmt/JnAh1NKk8xn1acZK+ixUSgOSeBOmKyMLmMyV9NWMx4VIg==",
        "dependencies": {
          "Imageflow.NativeRuntime.linux-arm64": "2.2.0-rc01",
          "Imageflow.NativeRuntime.linux-x64": "2.2.0-rc01",
          "Imageflow.NativeRuntime.osx-arm64": "2.2.0-rc01",
          "Imageflow.NativeRuntime.osx-x86_64": "2.2.0-rc01",
          "Imageflow.NativeRuntime.win-arm64": "2.2.0-rc01",
          "Imageflow.NativeRuntime.win-x86": "2.2.0-rc01",
          "Imageflow.NativeRuntime.win-x86_64": "2.2.0-rc01"
        }
      },
      "Imageflow.NativeRuntime.linux-arm64": {
        "type": "Transitive",
        "resolved": "2.2.0-rc01",
        "contentHash": "uc+9ExgsKZkXJXXNNtdLTZqf4ofLG5fWQ10kuPxuWDqi08pXRZem9CxeoVsUctjCF2zPpDIv1MwhEO7z/+tm+g=="
      },
      "Imageflow.NativeRuntime.linux-x64": {
        "type": "Transitive",
        "resolved": "2.2.0-rc01",
        "contentHash": "5vFrgBkrt0r6SbvTuoY+byHbULIU8DU7QZoGGM8BpgUbOhlJ2pYEurgRVWmUDg/qlopxWhX5pugcgKPIEj4hQQ=="
      },
      "Imageflow.NativeRuntime.osx-arm64": {
        "type": "Transitive",
        "resolved": "2.2.0-rc01",
        "contentHash": "sQgwlkeoUHmqrXfXjTCtSIPduE6U8FQs77T4+BSNG2QckXnQDJuh6K0n6NKcsb13TPkSO17ZKNi83FCmuGK5XQ=="
      },
      "Imageflow.NativeRuntime.osx-x86_64": {
        "type": "Transitive",
        "resolved": "2.2.0-rc01",
        "contentHash": "LNphWr0TK33xFnCIgKrsWjYCcfxWfRDSb8xquIeeTkcORbQokkPWp5L6JmC9mH7zR55ZYKyu9z/gMmnPn+oMzw=="
      },
      "Imageflow.NativeRuntime.win-arm64": {
        "type": "Transitive",
        "resolved": "2.2.0-rc01",
        "contentHash": "j4oyBMYVY43FECUHR7vgYwiucxxyXv1/wvHGYS1Ob8cuslPtKF75ge6n/fInHnkUtapQcibEehHH+stKhUcJdA=="
      },
      "Imageflow.NativeRuntime.win-x86": {
        "type": "Transitive",
        "resolved": "2.2.0-rc01",
        "contentHash": "X3AMx6JLJpV9ou7UDpyQ1/OoRrp9bYyZP9NlPNNtajMW+BkfMAbqBNqs14s70cpwINOSvPdw3hRUxcrZ3U6ChA=="
      },
      "Imageflow.NativeRuntime.win-x86_64": {
        "type": "Transitive",
        "resolved": "2.2.0-rc01",
        "contentHash": "oPkg031tnVt5ZeovfM4SaoqB7xuYWxUd86EMHWsmSihhPuBULi+4TetbZDsw7Gqx3ZXALiCQN/yYamkBUOogcg=="
      },
      "Microsoft.Bcl.AsyncInterfaces": {
        "type": "Transitive",
        "resolved": "8.0.0",
        "contentHash": "3WA9q9yVqJp222P3x1wYIGDAkpjAku0TMUaaQV22g6L67AI0LdOIrVS7Ht2vJfLHGSPVuqN94vIr15qn+HEkHw=="
      },
      "Microsoft.IO.RecyclableMemoryStream": {
        "type": "Transitive",
        "resolved": "3.0.1",
        "contentHash": "s/s20YTVY9r9TPfTrN5g8zPF1YhwxyqO6PxUkrYTGI2B+OGPe9AdajWZrLhFqXIvqIW23fnUE4+ztrUWNU1+9g=="
      },
      "System.Runtime.CompilerServices.Unsafe": {
        "type": "Transitive",
        "resolved": "6.0.0",
        "contentHash": "/iUeP3tq1S0XdNNoMz5C9twLSrM/TH+qElHkXWaPvuNOt+99G75NrV0OS2EqHx5wMN7popYjpc8oTjC1y16DLg=="
      },
      "System.Text.Encodings.Web": {
        "type": "Transitive",
        "resolved": "8.0.0",
        "contentHash": "yev/k9GHAEGx2Rg3/tU6MQh4HGBXJs70y7j1LaM1i/ER9po+6nnQ6RRqTJn1E7Xu0fbIFK80Nh5EoODxrbxwBQ==",
        "dependencies": {
          "System.Runtime.CompilerServices.Unsafe": "6.0.0"
        }
      },
      "System.Text.Json": {
        "type": "Transitive",
        "resolved": "8.0.6",
        "contentHash": "BvSpVBsVN9b+Y+wONbvJOHd1HjXQf33+XiC28ZMOwRsYb42mz3Q8YHnpTSwpwJLqYCMqM+0UUVC3V+pi25XfkQ==",
        "dependencies": {
          "Microsoft.Bcl.AsyncInterfaces": "8.0.0",
          "System.Runtime.CompilerServices.Unsafe": "6.0.0",
          "System.Text.Encodings.Web": "8.0.0"
        }
      },
      "imageflow.net": {
        "type": "Project",
        "dependencies": {
          "Microsoft.IO.RecyclableMemoryStream": "[3.*, 4.0.0)",
          "System.Text.Json": "[8.0.6, )"
        }
      }
    },
    "net10.0": {
      "Imageflow.NativeRuntime.All": {
        "type": "Direct",
        "requested": "[2.2.0-rc01, )",
        "resolved": "2.2.0-rc01",
        "contentHash": "J4iPslr1fOBnL1neX6LbI3i1nbuyuLWIOg/GKbmt/JnAh1NKk8xn1acZK+ixUSgOSeBOmKyMLmMyV9NWMx4VIg==",
        "dependencies": {
          "Imageflow.NativeRuntime.linux-arm64": "2.2.0-rc01",
          "Imageflow.NativeRuntime.linux-x64": "2.2.0-rc01",
          "Imageflow.NativeRuntime.osx-arm64": "2.2.0-rc01",
          "Imageflow.NativeRuntime.osx-x86_64": "2.2.0-rc01",
          "Imageflow.NativeRuntime.win-arm64": "2.2.0-rc01",
          "Imageflow.NativeRuntime.win-x86": "2.2.0-rc01",
          "Imageflow.NativeRuntime.win-x86_64": "2.2.0-rc01"
        }
      },
      "Imageflow.NativeRuntime.linux-arm64": {
        "type": "Transitive",
        "resolved": "2.2.0-rc01",
        "contentHash": "uc+9ExgsKZkXJXXNNtdLTZqf4ofLG5fWQ10kuPxuWDqi08pXRZem9CxeoVsUctjCF2zPpDIv1MwhEO7z/+tm+g=="
      },
      "Imageflow.NativeRuntime.linux-x64": {
        "type": "Transitive",
        "resolved": "2.2.0-rc01",
        "contentHash": "5vFrgBkrt0r6SbvTuoY+byHbULIU8DU7QZoGGM8BpgUbOhlJ2pYEurgRVWmUDg/qlopxWhX5pugcgKPIEj4hQQ=="
      },
      "Imageflow.NativeRuntime.osx-arm64": {
        "type": "Transitive",
        "resolved": "2.2.0-rc01",
        "contentHash": "sQgwlkeoUHmqrXfXjTCtSIPduE6U8FQs77T4+BSNG2QckXnQDJuh6K0n6NKcsb13TPkSO17ZKNi83FCmuGK5XQ=="
      },
      "Imageflow.NativeRuntime.osx-x86_64": {
        "type": "Transitive",
        "resolved": "2.2.0-rc01",
        "contentHash": "LNphWr0TK33xFnCIgKrsWjYCcfxWfRDSb8xquIeeTkcORbQokkPWp5L6JmC9mH7zR55ZYKyu9z/gMmnPn+oMzw=="
      },
      "Imageflow.NativeRuntime.win-arm64": {
        "type": "Transitive",
        "resolved": "2.2.0-rc01",
        "contentHash": "j4oyBMYVY43FECUHR7vgYwiucxxyXv1/wvHGYS1Ob8cuslPtKF75ge6n/fInHnkUtapQcibEehHH+stKhUcJdA=="
      },
      "Imageflow.NativeRuntime.win-x86": {
        "type": "Transitive",
        "resolved": "2.2.0-rc01",
        "contentHash": "X3AMx6JLJpV9ou7UDpyQ1/OoRrp9bYyZP9NlPNNtajMW+BkfMAbqBNqs14s70cpwINOSvPdw3hRUxcrZ3U6ChA=="
      },
      "Imageflow.NativeRuntime.win-x86_64": {
        "type": "Transitive",
        "resolved": "2.2.0-rc01",
        "contentHash": "oPkg031tnVt5ZeovfM4SaoqB7xuYWxUd86EMHWsmSihhPuBULi+4TetbZDsw7Gqx3ZXALiCQN/yYamkBUOogcg=="
      },
      "Microsoft.IO.RecyclableMemoryStream": {
        "type": "Transitive",
        "resolved": "3.0.1",
        "contentHash": "s/s20YTVY9r9TPfTrN5g8zPF1YhwxyqO6PxUkrYTGI2B+OGPe9AdajWZrLhFqXIvqIW23fnUE4+ztrUWNU1+9g=="
      },
      "imageflow.net": {
        "type": "Project",
        "dependencies": {
          "Microsoft.IO.RecyclableMemoryStream": "[3.*, 4.0.0)"
        }
      }
    },
    "net8.0": {
      "Imageflow.NativeRuntime.All": {
        "type": "Direct",
        "requested": "[2.2.0-rc01, )",
        "resolved": "2.2.0-rc01",
        "contentHash": "J4iPslr1fOBnL1neX6LbI3i1nbuyuLWIOg/GKbmt/JnAh1NKk8xn1acZK+ixUSgOSeBOmKyMLmMyV9NWMx4VIg==",
        "dependencies": {
          "Imageflow.NativeRuntime.linux-arm64": "2.2.0-rc01",
          "Imageflow.NativeRuntime.linux-x64": "2.2.0-rc01",
          "Imageflow.NativeRuntime.osx-arm64": "2.2.0-rc01",
          "Imageflow.NativeRuntime.osx-x86_64": "2.2.0-rc01",
          "Imageflow.NativeRuntime.win-arm64": "2.2.0-rc01",
          "Imageflow.NativeRuntime.win-x86": "2.2.0-rc01",
          "Imageflow.NativeRuntime.win-x86_64": "2.2.0-rc01"
        }
      },
      "Microsoft.NET.ILLink.Tasks": {
        "type": "Direct",
        "requested": "[8.0.21, )",
        "resolved": "8.0.21",
        "contentHash": "s8H5PZQs50OcNkaB6Si54+v3GWM7vzs6vxFRMlD3aXsbM+aPCtod62gmK0BYWou9diGzmo56j8cIf/PziijDqQ=="
      },
      "Imageflow.NativeRuntime.linux-arm64": {
        "type": "Transitive",
        "resolved": "2.2.0-rc01",
        "contentHash": "uc+9ExgsKZkXJXXNNtdLTZqf4ofLG5fWQ10kuPxuWDqi08pXRZem9CxeoVsUctjCF2zPpDIv1MwhEO7z/+tm+g=="
      },
      "Imageflow.NativeRuntime.linux-x64": {
        "type": "Transitive",
        "resolved": "2.2.0-rc01",
        "contentHash": "5vFrgBkrt0r6SbvTuoY+byHbULIU8DU7QZoGGM8BpgUbOhlJ2pYEurgRVWmUDg/qlopxWhX5pugcgKPIEj4hQQ=="
      },
      "Imageflow.NativeRuntime.osx-arm64": {
        "type": "Transitive",
        "resolved": "2.2.0-rc01",
        "contentHash": "sQgwlkeoUHmqrXfXjTCtSIPduE6U8FQs77T4+BSNG2QckXnQDJuh6K0n6NKcsb13TPkSO17ZKNi83FCmuGK5XQ=="
      },
      "Imageflow.NativeRuntime.osx-x86_64": {
        "type": "Transitive",
        "resolved": "2.2.0-rc01",
        "contentHash": "LNphWr0TK33xFnCIgKrsWjYCcfxWfRDSb8xquIeeTkcORbQokkPWp5L6JmC9mH7zR55ZYKyu9z/gMmnPn+oMzw=="
      },
      "Imageflow.NativeRuntime.win-arm64": {
        "type": "Transitive",
        "resolved": "2.2.0-rc01",
        "contentHash": "j4oyBMYVY43FECUHR7vgYwiucxxyXv1/wvHGYS1Ob8cuslPtKF75ge6n/fInHnkUtapQcibEehHH+stKhUcJdA=="
      },
      "Imageflow.NativeRuntime.win-x86": {
        "type": "Transitive",
        "resolved": "2.2.0-rc01",
        "contentHash": "X3AMx6JLJpV9ou7UDpyQ1/OoRrp9bYyZP9NlPNNtajMW+BkfMAbqBNqs14s70cpwINOSvPdw3hRUxcrZ3U6ChA=="
      },
      "Imageflow.NativeRuntime.win-x86_64": {
        "type": "Transitive",
        "resolved": "2.2.0-rc01",
        "contentHash": "oPkg031tnVt5ZeovfM4SaoqB7xuYWxUd86EMHWsmSihhPuBULi+4TetbZDsw7Gqx3ZXALiCQN/yYamkBUOogcg=="
      },
      "Microsoft.IO.RecyclableMemoryStream": {
        "type": "Transitive",
        "resolved": "3.0.1",
        "contentHash": "s/s20YTVY9r9TPfTrN5g8zPF1YhwxyqO6PxUkrYTGI2B+OGPe9AdajWZrLhFqXIvqIW23fnUE4+ztrUWNU1+9g=="
      },
      "imageflow.net": {
        "type": "Project",
        "dependencies": {
          "Microsoft.IO.RecyclableMemoryStream": "[3.*, 4.0.0)"
        }
      }
    }
  }
}