{
  "version": 1,
  "dependencies": {
    ".NETStandard,Version=v2.0": {
      "Imageflow.NativeRuntime.All": {
        "type": "Direct",
        "requested": "[2.3.1-rc01, )",
        "resolved": "2.3.1-rc01",
        "contentHash": "JfHaGqSChFOZcyXH8cUXMF/fm1Bn32BBjgkLY+OSCWpVlL82lrsYr/Ue5Llf74q+tEEIIO7U7Xrw1NbugGKB8w==",
        "dependencies": {
          "Imageflow.NativeRuntime.linux-arm64": "2.3.1-rc01",
          "Imageflow.NativeRuntime.linux-x64": "2.3.1-rc01",
          "Imageflow.NativeRuntime.osx-arm64": "2.3.1-rc01",
          "Imageflow.NativeRuntime.osx-x86_64": "2.3.1-rc01",
          "Imageflow.NativeRuntime.win-arm64": "2.3.1-rc01",
          "Imageflow.NativeRuntime.win-x86": "2.3.1-rc01",
          "Imageflow.NativeRuntime.win-x86_64": "2.3.1-rc01"
        }
      },
      "NETStandard.Library": {
        "type": "Direct",
        "requested": "[2.0.3, )",
        "resolved": "2.0.3",
        "contentHash": "st47PosZSHrjECdjeIzZQbzivYBJFv6P2nv4cj2ypdI204DO+vZ7l5raGMiX4eXMJ53RfOIg+/s4DHVZ54Nu2A==",
        "dependencies": {
          "Microsoft.NETCore.Platforms": "1.1.0"
        }
      },
      "Imageflow.NativeRuntime.linux-arm64": {
        "type": "Transitive",
        "resolved": "2.3.1-rc01",
        "contentHash": "e1Gcf556uJHgg+pNAy1AKuut1gpJvHaS+UCOskOtzBhE/DZwKqvsPAw5HBKCEP+ygH45GKa2sJYsjYt96xyr9g=="
      },
      "Imageflow.NativeRuntime.linux-x64": {
        "type": "Transitive",
        "resolved": "2.3.1-rc01",
        "contentHash": "rCEwqepTTYrfHvEO6l6OlriErtZEDEga8+FXBo5Q69mHT+onMijZxlvSUX6rhQxINGveCsqsFECEtd8JmNsMVA=="
      },
      "Imageflow.NativeRuntime.osx-arm64": {
        "type": "Transitive",
        "resolved": "2.3.1-rc01",
        "contentHash": "CaAdlo7joAFRvKq7j1CzHlQCaus0lz8ctQUNqSow/CyVykWUFqk0BoojhHgW3Mm+AW3kfbbS0bJtQmERq5YwzA=="
      },
      "Imageflow.NativeRuntime.osx-x86_64": {
        "type": "Transitive",
        "resolved": "2.3.1-rc01",
        "contentHash": "LzpOsaCtQDzHmYCq0jrDwM8UKhp51EdY0bTewoWKFjBe0cHYKRAKVHiZs6OdZGkJuOhf6ydjZ28HkHvHpLDZhg=="
      },
      "Imageflow.NativeRuntime.win-arm64": {
        "type": "Transitive",
        "resolved": "2.3.1-rc01",
        "contentHash": "8KyQf6Cn6uCN8+OcNeL6UCxNZ2yrY5JLO0dXlpjG9OoJ78GlUDywiCzn79a/NsJ//VJuJyPN5IfYvq55LoH41w=="
      },
      "Imageflow.NativeRuntime.win-x86": {
        "type": "Transitive",
        "resolved": "2.3.1-rc01",
        "contentHash": "eo6ig4luDCMbevQTmn4BR/RjdQ/dmflHYU1Mn6gdI8yqRvTJ4ZiGMRF/tgIdigGprsr/IojhWpeWdohKIECbNA=="
      },
      "Imageflow.NativeRuntime.win-x86_64": {
        "type": "Transitive",
        "resolved": "2.3.1-rc01",
        "contentHash": "rkUNn0BVgwobB05obVXEtrX4CvOpcIJ2A8InvO2vPJkRYgqjr5+GIKT0ItgCd90K30ozkWIyvG70KxDs/OL/dw=="
      },
      "Microsoft.Bcl.AsyncInterfaces": {
        "type": "Transitive",
        "resolved": "8.0.0",
        "contentHash": "3WA9q9yVqJp222P3x1wYIGDAkpjAku0TMUaaQV22g6L67AI0LdOIrVS7Ht2vJfLHGSPVuqN94vIr15qn+HEkHw==",
        "dependencies": {
          "System.Threading.Tasks.Extensions": "4.5.4"
        }
      },
      "Microsoft.IO.RecyclableMemoryStream": {
        "type": "Transitive",
        "resolved": "3.0.1",
        "contentHash": "s/s20YTVY9r9TPfTrN5g8zPF1YhwxyqO6PxUkrYTGI2B+OGPe9AdajWZrLhFqXIvqIW23fnUE4+ztrUWNU1+9g==",
        "dependencies": {
          "System.Memory": "4.5.5"
        }
      },
      "Microsoft.NETCore.Platforms": {
        "type": "Transitive",
        "resolved": "1.1.0",
        "contentHash": "kz0PEW2lhqygehI/d6XsPCQzD7ff7gUJaVGPVETX611eadGsA3A877GdSlU0LRVMCTH/+P3o2iDTak+S08V2+A=="
      },
      "System.Buffers": {
        "type": "Transitive",
        "resolved": "4.6.1",
        "contentHash": "N8GXpmiLMtljq7gwvyS+1QvKT/W2J8sNAvx+HVg4NGmsG/H+2k/y9QI23auLJRterrzCiDH+IWAw4V/GPwsMlw=="
      },
      "System.Memory": {
        "type": "Transitive",
        "resolved": "4.6.3",
        "contentHash": "qdcDOgnFZY40+Q9876JUHnlHu7bosOHX8XISRoH94fwk6hgaeQGSgfZd8srWRZNt5bV9ZW2TljcegDNxsf+96A==",
        "dependencies": {
          "System.Buffers": "4.6.1",
          "System.Numerics.Vectors": "4.6.1",
          "System.Runtime.CompilerServices.Unsafe": "6.1.2"
        }
      },
      "System.Numerics.Vectors": {
        "type": "Transitive",
        "resolved": "4.6.1",
        "contentHash": "sQxefTnhagrhoq2ReR0D/6K0zJcr9Hrd6kikeXsA1I8kOCboTavcUC4r7TSfpKFeE163uMuxZcyfO1mGO3EN8Q=="
      },
      "System.Runtime.CompilerServices.Unsafe": {
        "type": "Transitive",
        "resolved": "6.1.2",
        "contentHash": "2hBr6zdbIBTDE3EhK7NSVNdX58uTK6iHW/P/Axmm9sl1xoGSLqDvMtpecn226TNwHByFokYwJmt/aQQNlO5CRw=="
      },
      "System.Text.Encodings.Web": {
        "type": "Transitive",
        "resolved": "8.0.0",
        "contentHash": "yev/k9GHAEGx2Rg3/tU6MQh4HGBXJs70y7j1LaM1i/ER9po+6nnQ6RRqTJn1E7Xu0fbIFK80Nh5EoODxrbxwBQ==",
        "dependencies": {
          "System.Buffers": "4.5.1",
          "System.Memory": "4.5.5",
          "System.Runtime.CompilerServices.Unsafe": "6.0.0"
        }
      },
      "System.Text.Json": {
        "type": "Transitive",
        "resolved": "8.0.6",
        "contentHash": "BvSpVBsVN9b+Y+wONbvJOHd1HjXQf33+XiC28ZMOwRsYb42mz3Q8YHnpTSwpwJLqYCMqM+0UUVC3V+pi25XfkQ==",
        "dependencies": {
          "Microsoft.Bcl.AsyncInterfaces": "8.0.0",
          "System.Buffers": "4.5.1",
          "System.Memory": "4.5.5",
          "System.Runtime.CompilerServices.Unsafe": "6.0.0",
          "System.Text.Encodings.Web": "8.0.0",
          "System.Threading.Tasks.Extensions": "4.5.4"
        }
      },
      "System.Threading.Tasks.Extensions": {
        "type": "Transitive",
        "resolved": "4.5.4",
        "contentHash": "zteT+G8xuGu6mS+mzDzYXbzS7rd3K6Fjb9RiZlYlJPam2/hU7JCBZBVEcywNuR+oZ1ncTvc/cq0faRr3P01OVg==",
        "dependencies": {
          "System.Runtime.CompilerServices.Unsafe": "4.5.3"
        }
      },
      "imageflow.net": {
        "type": "Project",
        "dependencies": {
          "Microsoft.IO.RecyclableMemoryStream": "[3.*, 4.0.0)",
          "System.Buffers": "[4.*, )",
          "System.Memory": "[4.6.3, )",
          "System.Text.Json": "[8.0.6, )"
        }
      }
    },
    ".NETStandard,Version=v2.1": {
      "Imageflow.NativeRuntime.All": {
        "type": "Direct",
        "requested": "[2.3.1-rc01, )",
        "resolved": "2.3.1-rc01",
        "contentHash": "JfHaGqSChFOZcyXH8cUXMF/fm1Bn32BBjgkLY+OSCWpVlL82lrsYr/Ue5Llf74q+tEEIIO7U7Xrw1NbugGKB8w==",
        "dependencies": {
          "Imageflow.NativeRuntime.linux-arm64": "2.3.1-rc01",
          "Imageflow.NativeRuntime.linux-x64": "2.3.1-rc01",
          "Imageflow.NativeRuntime.osx-arm64": "2.3.1-rc01",
          "Imageflow.NativeRuntime.osx-x86_64": "2.3.1-rc01",
          "Imageflow.NativeRuntime.win-arm64": "2.3.1-rc01",
          "Imageflow.NativeRuntime.win-x86": "2.3.1-rc01",
          "Imageflow.NativeRuntime.win-x86_64": "2.3.1-rc01"
        }
      },
      "Imageflow.NativeRuntime.linux-arm64": {
        "type": "Transitive",
        "resolved": "2.3.1-rc01",
        "contentHash": "e1Gcf556uJHgg+pNAy1AKuut1gpJvHaS+UCOskOtzBhE/DZwKqvsPAw5HBKCEP+ygH45GKa2sJYsjYt96xyr9g=="
      },
      "Imageflow.NativeRuntime.linux-x64": {
        "type": "Transitive",
        "resolved": "2.3.1-rc01",
        "contentHash": "rCEwqepTTYrfHvEO6l6OlriErtZEDEga8+FXBo5Q69mHT+onMijZxlvSUX6rhQxINGveCsqsFECEtd8JmNsMVA=="
      },
      "Imageflow.NativeRuntime.osx-arm64": {
        "type": "Transitive",
        "resolved": "2.3.1-rc01",
        "contentHash": "CaAdlo7joAFRvKq7j1CzHlQCaus0lz8ctQUNqSow/CyVykWUFqk0BoojhHgW3Mm+AW3kfbbS0bJtQmERq5YwzA=="
      },
      "Imageflow.NativeRuntime.osx-x86_64": {
        "type": "Transitive",
        "resolved": "2.3.1-rc01",
        "contentHash": "LzpOsaCtQDzHmYCq0jrDwM8UKhp51EdY0bTewoWKFjBe0cHYKRAKVHiZs6OdZGkJuOhf6ydjZ28HkHvHpLDZhg=="
      },
      "Imageflow.NativeRuntime.win-arm64": {
        "type": "Transitive",
        "resolved": "2.3.1-rc01",
        "contentHash": "8KyQf6Cn6uCN8+OcNeL6UCxNZ2yrY5JLO0dXlpjG9OoJ78GlUDywiCzn79a/NsJ//VJuJyPN5IfYvq55LoH41w=="
      },
      "Imageflow.NativeRuntime.win-x86": {
        "type": "Transitive",
        "resolved": "2.3.1-rc01",
        "contentHash": "eo6ig4luDCMbevQTmn4BR/RjdQ/dmflHYU1Mn6gdI8yqRvTJ4ZiGMRF/tgIdigGprsr/IojhWpeWdohKIECbNA=="
      },
      "Imageflow.NativeRuntime.win-x86_64": {
        "type": "Transitive",
        "resolved": "2.3.1-rc01",
        "contentHash": "rkUNn0BVgwobB05obVXEtrX4CvOpcIJ2A8InvO2vPJkRYgqjr5+GIKT0ItgCd90K30ozkWIyvG70KxDs/OL/dw=="
      },
      "Microsoft.Bcl.AsyncInterfaces": {
        "type": "Transitive",
        "resolved": "8.0.0",
        "contentHash": "3WA9q9yVqJp222P3x1wYIGDAkpjAku0TMUaaQV22g6L67AI0LdOIrVS7Ht2vJfLHGSPVuqN94vIr15qn+HEkHw=="
      },
      "Microsoft.IO.RecyclableMemoryStream": {
        "type": "Transitive",
        "resolved": "3.0.1",
        "contentHash": "s/s20YTVY9r9TPfTrN5g8zPF1YhwxyqO6PxUkrYTGI2B+OGPe9AdajWZrLhFqXIvqIW23fnUE4+ztrUWNU1+9g=="
      },
      "System.Runtime.CompilerServices.Unsafe": {
        "type": "Transitive",
        "resolved": "6.0.0",
        "contentHash": "/iUeP3tq1S0XdNNoMz5C9twLSrM/TH+qElHkXWaPvuNOt+99G75NrV0OS2EqHx5wMN7popYjpc8oTjC1y16DLg=="
      },
      "System.Text.Encodings.Web": {
        "type": "Transitive",
        "resolved": "8.0.0",
        "contentHash": "yev/k9GHAEGx2Rg3/tU6MQh4HGBXJs70y7j1LaM1i/ER9po+6nnQ6RRqTJn1E7Xu0fbIFK80Nh5EoODxrbxwBQ==",
        "dependencies": {
          "System.Runtime.CompilerServices.Unsafe": "6.0.0"
        }
      },
      "System.Text.Json": {
        "type": "Transitive",
        "resolved": "8.0.6",
        "contentHash": "BvSpVBsVN9b+Y+wONbvJOHd1HjXQf33+XiC28ZMOwRsYb42mz3Q8YHnpTSwpwJLqYCMqM+0UUVC3V+pi25XfkQ==",
        "dependencies": {
          "Microsoft.Bcl.AsyncInterfaces": "8.0.0",
          "System.Runtime.CompilerServices.Unsafe": "6.0.0",
          "System.Text.Encodings.Web": "8.0.0"
        }
      },
      "imageflow.net": {
        "type": "Project",
        "dependencies": {
          "Microsoft.IO.RecyclableMemoryStream": "[3.*, 4.0.0)",
          "System.Text.Json": "[8.0.6, )"
        }
      }
    },
    "net10.0": {
      "Imageflow.NativeRuntime.All": {
        "type": "Direct",
        "requested": "[2.3.1-rc01, )",
        "resolved": "2.3.1-rc01",
        "contentHash": "JfHaGqSChFOZcyXH8cUXMF/fm1Bn32BBjgkLY+OSCWpVlL82lrsYr/Ue5Llf74q+tEEIIO7U7Xrw1NbugGKB8w==",
        "dependencies": {
          "Imageflow.NativeRuntime.linux-arm64": "2.3.1-rc01",
          "Imageflow.NativeRuntime.linux-x64": "2.3.1-rc01",
          "Imageflow.NativeRuntime.osx-arm64": "2.3.1-rc01",
          "Imageflow.NativeRuntime.osx-x86_64": "2.3.1-rc01",
          "Imageflow.NativeRuntime.win-arm64": "2.3.1-rc01",
          "Imageflow.NativeRuntime.win-x86": "2.3.1-rc01",
          "Imageflow.NativeRuntime.win-x86_64": "2.3.1-rc01"
        }
      },
      "Microsoft.NET.ILLink.Tasks": {
        "type": "Direct",
        "requested": "[10.0.3, )",
        "resolved": "10.0.3",
        "contentHash": "0B6nZyCHWXnvmlB559oduOspVdNOnpNXPjhpWVMovLPAsDVG7A4jJR9rzECf67JUzxP8/ee/wA8clwIzJcWNFA=="
      },
      "Imageflow.NativeRuntime.linux-arm64": {
        "type": "Transitive",
        "resolved": "2.3.1-rc01",
        "contentHash": "e1Gcf556uJHgg+pNAy1AKuut1gpJvHaS+UCOskOtzBhE/DZwKqvsPAw5HBKCEP+ygH45GKa2sJYsjYt96xyr9g=="
      },
      "Imageflow.NativeRuntime.linux-x64": {
        "type": "Transitive",
        "resolved": "2.3.1-rc01",
        "contentHash": "rCEwqepTTYrfHvEO6l6OlriErtZEDEga8+FXBo5Q69mHT+onMijZxlvSUX6rhQxINGveCsqsFECEtd8JmNsMVA=="
      },
      "Imageflow.NativeRuntime.osx-arm64": {
        "type": "Transitive",
        "resolved": "2.3.1-rc01",
        "contentHash": "CaAdlo7joAFRvKq7j1CzHlQCaus0lz8ctQUNqSow/CyVykWUFqk0BoojhHgW3Mm+AW3kfbbS0bJtQmERq5YwzA=="
      },
      "Imageflow.NativeRuntime.osx-x86_64": {
        "type": "Transitive",
        "resolved": "2.3.1-rc01",
        "contentHash": "LzpOsaCtQDzHmYCq0jrDwM8UKhp51EdY0bTewoWKFjBe0cHYKRAKVHiZs6OdZGkJuOhf6ydjZ28HkHvHpLDZhg=="
      },
      "Imageflow.NativeRuntime.win-arm64": {
        "type": "Transitive",
        "resolved": "2.3.1-rc01",
        "contentHash": "8KyQf6Cn6uCN8+OcNeL6UCxNZ2yrY5JLO0dXlpjG9OoJ78GlUDywiCzn79a/NsJ//VJuJyPN5IfYvq55LoH41w=="
      },
      "Imageflow.NativeRuntime.win-x86": {
        "type": "Transitive",
        "resolved": "2.3.1-rc01",
        "contentHash": "eo6ig4luDCMbevQTmn4BR/RjdQ/dmflHYU1Mn6gdI8yqRvTJ4ZiGMRF/tgIdigGprsr/IojhWpeWdohKIECbNA=="
      },
      "Imageflow.NativeRuntime.win-x86_64": {
        "type": "Transitive",
        "resolved": "2.3.1-rc01",
        "contentHash": "rkUNn0BVgwobB05obVXEtrX4CvOpcIJ2A8InvO2vPJkRYgqjr5+GIKT0ItgCd90K30ozkWIyvG70KxDs/OL/dw=="
      },
      "Microsoft.IO.RecyclableMemoryStream": {
        "type": "Transitive",
        "resolved": "3.0.1",
        "contentHash": "s/s20YTVY9r9TPfTrN5g8zPF1YhwxyqO6PxUkrYTGI2B+OGPe9AdajWZrLhFqXIvqIW23fnUE4+ztrUWNU1+9g=="
      },
      "imageflow.net": {
        "type": "Project",
        "dependencies": {
          "Microsoft.IO.RecyclableMemoryStream": "[3.*, 4.0.0)"
        }
      }
    },
    "net8.0": {
      "Imageflow.NativeRuntime.All": {
        "type": "Direct",
        "requested": "[2.3.1-rc01, )",
        "resolved": "2.3.1-rc01",
        "contentHash": "JfHaGqSChFOZcyXH8cUXMF/fm1Bn32BBjgkLY+OSCWpVlL82lrsYr/Ue5Llf74q+tEEIIO7U7Xrw1NbugGKB8w==",
        "dependencies": {
          "Imageflow.NativeRuntime.linux-arm64": "2.3.1-rc01",
          "Imageflow.NativeRuntime.linux-x64": "2.3.1-rc01",
          "Imageflow.NativeRuntime.osx-arm64": "2.3.1-rc01",
          "Imageflow.NativeRuntime.osx-x86_64": "2.3.1-rc01",
          "Imageflow.NativeRuntime.win-arm64": "2.3.1-rc01",
          "Imageflow.NativeRuntime.win-x86": "2.3.1-rc01",
          "Imageflow.NativeRuntime.win-x86_64": "2.3.1-rc01"
        }
      },
      "Microsoft.NET.ILLink.Tasks": {
        "type": "Direct",
        "requested": "[8.0.24, )",
        "resolved": "8.0.24",
        "contentHash": "1gnadp//+DoGJvV4AFdzPqYPxkypaWYjYMCr7KAacV0iadsHz1nU+rrkoxBCna4FCmeKH49CisEwa7g94/MbEg=="
      },
      "Imageflow.NativeRuntime.linux-arm64": {
        "type": "Transitive",
        "resolved": "2.3.1-rc01",
        "contentHash": "e1Gcf556uJHgg+pNAy1AKuut1gpJvHaS+UCOskOtzBhE/DZwKqvsPAw5HBKCEP+ygH45GKa2sJYsjYt96xyr9g=="
      },
      "Imageflow.NativeRuntime.linux-x64": {
        "type": "Transitive",
        "resolved": "2.3.1-rc01",
        "contentHash": "rCEwqepTTYrfHvEO6l6OlriErtZEDEga8+FXBo5Q69mHT+onMijZxlvSUX6rhQxINGveCsqsFECEtd8JmNsMVA=="
      },
      "Imageflow.NativeRuntime.osx-arm64": {
        "type": "Transitive",
        "resolved": "2.3.1-rc01",
        "contentHash": "CaAdlo7joAFRvKq7j1CzHlQCaus0lz8ctQUNqSow/CyVykWUFqk0BoojhHgW3Mm+AW3kfbbS0bJtQmERq5YwzA=="
      },
      "Imageflow.NativeRuntime.osx-x86_64": {
        "type": "Transitive",
        "resolved": "2.3.1-rc01",
        "contentHash": "LzpOsaCtQDzHmYCq0jrDwM8UKhp51EdY0bTewoWKFjBe0cHYKRAKVHiZs6OdZGkJuOhf6ydjZ28HkHvHpLDZhg=="
      },
      "Imageflow.NativeRuntime.win-arm64": {
        "type": "Transitive",
        "resolved": "2.3.1-rc01",
        "contentHash": "8KyQf6Cn6uCN8+OcNeL6UCxNZ2yrY5JLO0dXlpjG9OoJ78GlUDywiCzn79a/NsJ//VJuJyPN5IfYvq55LoH41w=="
      },
      "Imageflow.NativeRuntime.win-x86": {
        "type": "Transitive",
        "resolved": "2.3.1-rc01",
        "contentHash": "eo6ig4luDCMbevQTmn4BR/RjdQ/dmflHYU1Mn6gdI8yqRvTJ4ZiGMRF/tgIdigGprsr/IojhWpeWdohKIECbNA=="
      },
      "Imageflow.NativeRuntime.win-x86_64": {
        "type": "Transitive",
        "resolved": "2.3.1-rc01",
        "contentHash": "rkUNn0BVgwobB05obVXEtrX4CvOpcIJ2A8InvO2vPJkRYgqjr5+GIKT0ItgCd90K30ozkWIyvG70KxDs/OL/dw=="
      },
      "Microsoft.IO.RecyclableMemoryStream": {
        "type": "Transitive",
        "resolved": "3.0.1",
        "contentHash": "s/s20YTVY9r9TPfTrN5g8zPF1YhwxyqO6PxUkrYTGI2B+OGPe9AdajWZrLhFqXIvqIW23fnUE4+ztrUWNU1+9g=="
      },
      "imageflow.net": {
        "type": "Project",
        "dependencies": {
          "Microsoft.IO.RecyclableMemoryStream": "[3.*, 4.0.0)"
        }
      }
    }
  }
}