{
  "version": 1,
  "dependencies": {
    "net10.0": {
      "Microsoft.IO.RecyclableMemoryStream": {
        "type": "Transitive",
        "resolved": "3.0.1",
        "contentHash": "s/s20YTVY9r9TPfTrN5g8zPF1YhwxyqO6PxUkrYTGI2B+OGPe9AdajWZrLhFqXIvqIW23fnUE4+ztrUWNU1+9g=="
      },
      "imageflow.net": {
        "type": "Project",
        "dependencies": {
          "Microsoft.IO.RecyclableMemoryStream": "[3.*, 4.0.0)"
        }
      }
    }
  }
}