{
  "version": 1,
  "dependencies": {
    ".NETFramework,Version=v4.7.2": {
      "MSTest.TestAdapter": {
        "type": "Direct",
        "requested": "[2.2.7, )",
        "resolved": "2.2.7",
        "contentHash": "E8seWhOKGEz4Aq6IaX6dUZGRSVYwLVy+6ZI9nq0TyHRuv54Id4Y7y/CB0KGiOUrqtygfooQm5wmpnDOW28N9Ug=="
      },
      "MSTest.TestFramework": {
        "type": "Direct",
        "requested": "[2.2.7, )",
        "resolved": "2.2.7",
        "contentHash": "qroVMzabIcbqwxtlDZriZflqs3nKpmqSVoM/Nfw9fg+F6885rrgo9R4gwmK7xxPPd8gpDrmNqqwpnyh6GMoN9g=="
      },
      "Microsoft.CSharp": {
        "type": "Transitive",
        "resolved": "4.7.0",
        "contentHash": "pTj+D3uJWyN3My70i2Hqo+OXixq3Os2D1nJ2x92FFo6sk8fYS1m1WLNTs0Dc1uPaViH0YvEEwvzddQ7y4rhXmA=="
      },
      "Microsoft.IO.RecyclableMemoryStream": {
        "type": "Transitive",
        "resolved": "1.2.2",
        "contentHash": "LA4RBTStohA0hAAs6oKchmIC5M5Mjd5MwfB7vbbl+312N5kXj8abTGOgwZy6ASJYLCiqiiK5kHS0hDGEgfkB8g=="
      },
      "Newtonsoft.Json": {
        "type": "Transitive",
        "resolved": "13.0.3",
        "contentHash": "HrC5BXdl00IP9zeV+0Z848QWPAoCr9P3bDEZguI+gkLcBKAOxix/tLEAAHC+UvDNPv4a2d18lOReHMOagPa+zQ=="
      },
      "imageflow.allplatforms": {
        "type": "Project",
        "dependencies": {
          "Imageflow.NativeRuntime.osx-x86_64": "[2.*, )",
          "Imageflow.NativeRuntime.ubuntu-x86_64": "[2.*, )",
          "Imageflow.NativeRuntime.win-x86": "[2.*, )",
          "Imageflow.NativeRuntime.win-x86_64": "[2.*, )",
          "Imageflow.Net": "[0.1.0--notset, )"
        }
      },
      "imageflow.net": {
        "type": "Project",
        "dependencies": {
          "Microsoft.CSharp": "[4.*, )",
          "Microsoft.IO.RecyclableMemoryStream": "[1.2.*, 3.0.0)",
          "Newtonsoft.Json": "[13.0.3, 14.0.0)"
        }
      }
    },
    ".NETFramework,Version=v4.7.2/win": {},
    ".NETFramework,Version=v4.7.2/win-arm64": {},
    ".NETFramework,Version=v4.7.2/win-x64": {},
    ".NETFramework,Version=v4.7.2/win-x86": {}
  }
}