{
  "version": 1,
  "dependencies": {
    "net9.0": {
      "Microsoft.DotNet.ILCompiler": {
        "type": "Direct",
        "requested": "[9.0.10, )",
        "resolved": "9.0.10",
        "contentHash": "S8hlK3KFCMLWvFDd1cUJj62bPgmomVdxnELv/Eiauug4uSEHjDkcOLfpiUvurku9iuW3uuyExwPwXX4QsWrmZQ=="
      },
      "Microsoft.NET.ILLink.Tasks": {
        "type": "Direct",
        "requested": "[9.0.10, )",
        "resolved": "9.0.10",
        "contentHash": "sseaSJcBxKEpkc59hnB00b3NmJdGvJLfj74HK+nucHxERxbZSUREuWKjC9ywc+HdzJvJyiP2eiyEOROaGSfcPw=="
      },
      "Imageflow.NativeRuntime.All": {
        "type": "Transitive",
        "resolved": "2.2.0-rc01",
        "contentHash": "J4iPslr1fOBnL1neX6LbI3i1nbuyuLWIOg/GKbmt/JnAh1NKk8xn1acZK+ixUSgOSeBOmKyMLmMyV9NWMx4VIg==",
        "dependencies": {
          "Imageflow.NativeRuntime.linux-arm64": "2.2.0-rc01",
          "Imageflow.NativeRuntime.linux-x64": "2.2.0-rc01",
          "Imageflow.NativeRuntime.osx-arm64": "2.2.0-rc01",
          "Imageflow.NativeRuntime.osx-x86_64": "2.2.0-rc01",
          "Imageflow.NativeRuntime.win-arm64": "2.2.0-rc01",
          "Imageflow.NativeRuntime.win-x86": "2.2.0-rc01",
          "Imageflow.NativeRuntime.win-x86_64": "2.2.0-rc01"
        }
      },
      "Imageflow.NativeRuntime.linux-arm64": {
        "type": "Transitive",
        "resolved": "2.2.0-rc01",
        "contentHash": "uc+9ExgsKZkXJXXNNtdLTZqf4ofLG5fWQ10kuPxuWDqi08pXRZem9CxeoVsUctjCF2zPpDIv1MwhEO7z/+tm+g=="
      },
      "Imageflow.NativeRuntime.linux-x64": {
        "type": "Transitive",
        "resolved": "2.2.0-rc01",
        "contentHash": "5vFrgBkrt0r6SbvTuoY+byHbULIU8DU7QZoGGM8BpgUbOhlJ2pYEurgRVWmUDg/qlopxWhX5pugcgKPIEj4hQQ=="
      },
      "Imageflow.NativeRuntime.osx-arm64": {
        "type": "Transitive",
        "resolved": "2.2.0-rc01",
        "contentHash": "sQgwlkeoUHmqrXfXjTCtSIPduE6U8FQs77T4+BSNG2QckXnQDJuh6K0n6NKcsb13TPkSO17ZKNi83FCmuGK5XQ=="
      },
      "Imageflow.NativeRuntime.osx-x86_64": {
        "type": "Transitive",
        "resolved": "2.2.0-rc01",
        "contentHash": "LNphWr0TK33xFnCIgKrsWjYCcfxWfRDSb8xquIeeTkcORbQokkPWp5L6JmC9mH7zR55ZYKyu9z/gMmnPn+oMzw=="
      },
      "Imageflow.NativeRuntime.win-arm64": {
        "type": "Transitive",
        "resolved": "2.2.0-rc01",
        "contentHash": "j4oyBMYVY43FECUHR7vgYwiucxxyXv1/wvHGYS1Ob8cuslPtKF75ge6n/fInHnkUtapQcibEehHH+stKhUcJdA=="
      },
      "Imageflow.NativeRuntime.win-x86": {
        "type": "Transitive",
        "resolved": "2.2.0-rc01",
        "contentHash": "X3AMx6JLJpV9ou7UDpyQ1/OoRrp9bYyZP9NlPNNtajMW+BkfMAbqBNqs14s70cpwINOSvPdw3hRUxcrZ3U6ChA=="
      },
      "Imageflow.NativeRuntime.win-x86_64": {
        "type": "Transitive",
        "resolved": "2.2.0-rc01",
        "contentHash": "oPkg031tnVt5ZeovfM4SaoqB7xuYWxUd86EMHWsmSihhPuBULi+4TetbZDsw7Gqx3ZXALiCQN/yYamkBUOogcg=="
      },
      "Microsoft.IO.RecyclableMemoryStream": {
        "type": "Transitive",
        "resolved": "3.0.1",
        "contentHash": "s/s20YTVY9r9TPfTrN5g8zPF1YhwxyqO6PxUkrYTGI2B+OGPe9AdajWZrLhFqXIvqIW23fnUE4+ztrUWNU1+9g=="
      },
      "imageflow.allplatforms": {
        "type": "Project",
        "dependencies": {
          "Imageflow.NativeRuntime.All": "[2.2.0-rc01, )",
          "Imageflow.Net": "[0.1.0--notset, )"
        }
      },
      "imageflow.net": {
        "type": "Project",
        "dependencies": {
          "Microsoft.IO.RecyclableMemoryStream": "[3.*, 4.0.0)"
        }
      }
    }
  }
}