{
  "version": 1,
  "dependencies": {
    "net8.0": {
      "Microsoft.DotNet.ILCompiler": {
        "type": "Direct",
        "requested": "[8.0.1, )",
        "resolved": "8.0.1",
        "contentHash": "vEmBtYRsH2gpnUJ9p7ElgB2UZSx5+CF2nHVr2QJ/3kzlfAYBxqXMx3VmQcxOcrsDEuF4/n1VH95qobrj8xnPdw=="
      },
      "Microsoft.NET.ILLink.Tasks": {
        "type": "Direct",
        "requested": "[8.0.1, )",
        "resolved": "8.0.1",
        "contentHash": "ADdJXuKNjwZDfBmybMnpvwd5CK3gp92WkWqqeQhW4W+q4MO3Qaa9QyW2DcFLAvCDMcCWxT5hRXqGdv13oon7nA=="
      },
      "Imageflow.NativeRuntime.osx-x86_64": {
        "type": "Transitive",
        "resolved": "2.0.0-preview8",
        "contentHash": "3wEglrMqVzlnAVBTdK6qcRySdo/4ajBP5ASRuK3yHfBqPp3ld4ke6guxuSZbgDTObIxai7KTLlsIvQZhusymUA=="
      },
      "Imageflow.NativeRuntime.ubuntu-x86_64": {
        "type": "Transitive",
        "resolved": "2.0.0-preview8",
        "contentHash": "H8K5kZqcM3IliDRZD3H8BN6TbeLgcW+6FsDZ3EvlqBvu41s+Lv9vxE+c3m1cUQhsYBs76udUhgJFNR1D6x3U5g=="
      },
      "Imageflow.NativeRuntime.win-x86": {
        "type": "Transitive",
        "resolved": "2.0.0-preview8",
        "contentHash": "WunIva5NZ2iMPKCyz8ZTkN7SRaW3szBijMg5YK7jaSFZHw8Xiky/GFfghc0XgWTuILxwO4YbY86e8QvW8CBigQ=="
      },
      "Imageflow.NativeRuntime.win-x86_64": {
        "type": "Transitive",
        "resolved": "2.0.0-preview8",
        "contentHash": "1rY6C9Hjj7U9toa7FlnveiSBKccZlvCaHwdxPRQS0vDpAZZCJrTA/H7VYdreifpnIDInYcf0i/3oEKzEnj884w=="
      },
      "Microsoft.IO.RecyclableMemoryStream": {
        "type": "Transitive",
        "resolved": "1.2.2",
        "contentHash": "LA4RBTStohA0hAAs6oKchmIC5M5Mjd5MwfB7vbbl+312N5kXj8abTGOgwZy6ASJYLCiqiiK5kHS0hDGEgfkB8g=="
      },
      "System.Runtime.CompilerServices.Unsafe": {
        "type": "Transitive",
        "resolved": "6.0.0",
        "contentHash": "/iUeP3tq1S0XdNNoMz5C9twLSrM/TH+qElHkXWaPvuNOt+99G75NrV0OS2EqHx5wMN7popYjpc8oTjC1y16DLg=="
      },
      "System.Text.Encodings.Web": {
        "type": "Transitive",
        "resolved": "6.0.0",
        "contentHash": "Vg8eB5Tawm1IFqj4TVK1czJX89rhFxJo9ELqc/Eiq0eXy13RK00eubyU6TJE6y+GQXjyV5gSfiewDUZjQgSE0w==",
        "dependencies": {
          "System.Runtime.CompilerServices.Unsafe": "6.0.0"
        }
      },
      "System.Text.Json": {
        "type": "Transitive",
        "resolved": "6.0.9",
        "contentHash": "2j16oUgtIzl7Xtk7demG0i/v5aU/ZvULcAnJvPb63U3ZhXJ494UYcxuEj5Fs49i3XDrk5kU/8I+6l9zRCw3cJw==",
        "dependencies": {
          "System.Runtime.CompilerServices.Unsafe": "6.0.0",
          "System.Text.Encodings.Web": "6.0.0"
        }
      },
      "imageflow.allplatforms": {
        "type": "Project",
        "dependencies": {
          "Imageflow.NativeRuntime.osx-x86_64": "[2.0.0-preview8, )",
          "Imageflow.NativeRuntime.ubuntu-x86_64": "[2.0.0-preview8, )",
          "Imageflow.NativeRuntime.win-x86": "[2.0.0-preview8, )",
          "Imageflow.NativeRuntime.win-x86_64": "[2.0.0-preview8, )",
          "Imageflow.Net": "[0.1.0--notset, )"
        }
      },
      "imageflow.net": {
        "type": "Project",
        "dependencies": {
          "Microsoft.IO.RecyclableMemoryStream": "[1.2.*, 4.0.0)",
          "System.Text.Json": "[6.*, )"
        }
      }
    }
  }
}