{
  "version": 1,
  "dependencies": {
    "net8.0": {
      "Microsoft.DotNet.ILCompiler": {
        "type": "Direct",
        "requested": "[8.0.2, )",
        "resolved": "8.0.2",
        "contentHash": "rGE3+673xn1iZJCoMIuUb9lhqje4DiCB+qTyPAJ97Bw15c4N69ZbMAO/GJyxchaoLJCHIPXP52hwxEzqrllwCg=="
      },
      "Microsoft.NET.ILLink.Tasks": {
        "type": "Direct",
        "requested": "[8.0.10, )",
        "resolved": "8.0.10",
        "contentHash": "xT8jYjlroY7SLbGtoV9vUTVW/TPgodL4Egc31a444Xe0TMytLZ3UlKQ0kxMZsy/CrWsFB6wtKnSG1SsXcWreew=="
      },
      "Imageflow.NativeRuntime.osx-x86_64": {
        "type": "Transitive",
        "resolved": "2.0.0-preview8",
        "contentHash": "3wEglrMqVzlnAVBTdK6qcRySdo/4ajBP5ASRuK3yHfBqPp3ld4ke6guxuSZbgDTObIxai7KTLlsIvQZhusymUA=="
      },
      "Imageflow.NativeRuntime.ubuntu-x86_64": {
        "type": "Transitive",
        "resolved": "2.0.0-preview8",
        "contentHash": "H8K5kZqcM3IliDRZD3H8BN6TbeLgcW+6FsDZ3EvlqBvu41s+Lv9vxE+c3m1cUQhsYBs76udUhgJFNR1D6x3U5g=="
      },
      "Imageflow.NativeRuntime.win-x86": {
        "type": "Transitive",
        "resolved": "2.0.0-preview8",
        "contentHash": "WunIva5NZ2iMPKCyz8ZTkN7SRaW3szBijMg5YK7jaSFZHw8Xiky/GFfghc0XgWTuILxwO4YbY86e8QvW8CBigQ=="
      },
      "Imageflow.NativeRuntime.win-x86_64": {
        "type": "Transitive",
        "resolved": "2.0.0-preview8",
        "contentHash": "1rY6C9Hjj7U9toa7FlnveiSBKccZlvCaHwdxPRQS0vDpAZZCJrTA/H7VYdreifpnIDInYcf0i/3oEKzEnj884w=="
      },
      "Microsoft.IO.RecyclableMemoryStream": {
        "type": "Transitive",
        "resolved": "3.0.1",
        "contentHash": "s/s20YTVY9r9TPfTrN5g8zPF1YhwxyqO6PxUkrYTGI2B+OGPe9AdajWZrLhFqXIvqIW23fnUE4+ztrUWNU1+9g=="
      },
      "System.Runtime.CompilerServices.Unsafe": {
        "type": "Transitive",
        "resolved": "6.0.0",
        "contentHash": "/iUeP3tq1S0XdNNoMz5C9twLSrM/TH+qElHkXWaPvuNOt+99G75NrV0OS2EqHx5wMN7popYjpc8oTjC1y16DLg=="
      },
      "System.Text.Encodings.Web": {
        "type": "Transitive",
        "resolved": "6.0.0",
        "contentHash": "Vg8eB5Tawm1IFqj4TVK1czJX89rhFxJo9ELqc/Eiq0eXy13RK00eubyU6TJE6y+GQXjyV5gSfiewDUZjQgSE0w==",
        "dependencies": {
          "System.Runtime.CompilerServices.Unsafe": "6.0.0"
        }
      },
      "System.Text.Json": {
        "type": "Transitive",
        "resolved": "6.0.10",
        "contentHash": "NSB0kDipxn2ychp88NXWfFRFlmi1bst/xynOutbnpEfRCT9JZkZ7KOmF/I/hNKo2dILiMGnqblm+j1sggdLB9g==",
        "dependencies": {
          "System.Runtime.CompilerServices.Unsafe": "6.0.0",
          "System.Text.Encodings.Web": "6.0.0"
        }
      },
      "imageflow.allplatforms": {
        "type": "Project",
        "dependencies": {
          "Imageflow.NativeRuntime.osx-x86_64": "[2.0.0-preview8, )",
          "Imageflow.NativeRuntime.ubuntu-x86_64": "[2.0.0-preview8, )",
          "Imageflow.NativeRuntime.win-x86": "[2.0.0-preview8, )",
          "Imageflow.NativeRuntime.win-x86_64": "[2.0.0-preview8, )",
          "Imageflow.Net": "[0.1.0--notset, )"
        }
      },
      "imageflow.net": {
        "type": "Project",
        "dependencies": {
          "Microsoft.IO.RecyclableMemoryStream": "[3.*, 4.0.0)",
          "System.Text.Json": "[6.0.10, )"
        }
      }
    }
  }
}